{
  "name": "modestore",
  "lockfileVersion": 3,
  "requires": true,
  "packages": {
    "": {
      "dependencies": {
        "@vue-stripe/vue-stripe": "^4.5.0"
      }
    },
    "node_modules/@stripe/stripe-js": {
      "version": "1.48.0",
      "license": "MIT"
    },
    "node_modules/@vue-stripe/vue-stripe": {
      "version": "4.5.0",
      "resolved": "https://registry.npmjs.org/@vue-stripe/vue-stripe/-/vue-stripe-4.5.0.tgz",
      "integrity": "sha512-BU449XT5zegjNQirl+SSztbzGIvPjhxlHv8ybomSZcI1jB6qEpLgpk2eHMFDKnOGZZRhqtg4C5FiErwSJ/yuRw==",
      "dependencies": {
        "@stripe/stripe-js": "^1.13.2",
        "vue-coerce-props": "^1.0.0"
      }
    },
    "node_modules/vue-coerce-props": {
      "version": "1.0.0",
      "license": "MIT"
    }
  }
}
